
Microsoft Visual Studio Solution File, Format Version 12.00
# Visual Studio Version 17
VisualStudioVersion = 17.0.31903.59
MinimumVisualStudioVersion = 10.0.40219.1
Project("{FAE04EC0-301F-11D3-BF4B-00C04F79EFBC}") = "JoeScan.Pinchot", "JoeScan.Pinchot\JoeScan.Pinchot.csproj", "{764C7FD6-077B-421B-A082-AA481B2EA25F}"
EndProject
Project("{2150E333-8FDC-42A3-9474-1A3956D46DE8}") = "examples", "examples", "{630FB9C9-2719-4A55-80DA-4B39A833A1E9}"
EndProject
Project("{FAE04EC0-301F-11D3-BF4B-00C04F79EFBC}") = "Example00ConfigureAndConnect", "examples\00_JS50WX_ConfigureAndConnect\Example00ConfigureAndConnect.csproj", "{76ACF8A6-9A53-48C8-B8E6-4FC75A3D31DD}"
EndProject
Project("{FAE04EC0-301F-11D3-BF4B-00C04F79EFBC}") = "Example01BasicScanning", "examples\01_JS50WX_BasicScanning\Example01BasicScanning.csproj", "{13273D95-CD4F-4DE3-B53A-E37D5C210926}"
EndProject
Project("{FAE04EC0-301F-11D3-BF4B-00C04F79EFBC}") = "Example02AdvancedScanning", "examples\02_JS50WX_AdvancedScanning\Example02AdvancedScanning.csproj", "{31CB13B9-2710-46F9-ADEC-78A4FD56ECAE}"
EndProject
Project("{FAE04EC0-301F-11D3-BF4B-00C04F79EFBC}") = "Example03AdvancedScanning", "examples\03_JS50X6B_AdvancedScanning\Example03AdvancedScanning.csproj", "{7C03F4B2-DBE4-454E-AEFB-843DBE734B01}"
EndProject
Global
	GlobalSection(SolutionConfigurationPlatforms) = preSolution
		Debug|Any CPU = Debug|Any CPU
		Release|Any CPU = Release|Any CPU
	EndGlobalSection
	GlobalSection(SolutionProperties) = preSolution
		HideSolutionNode = FALSE
	EndGlobalSection
	GlobalSection(ProjectConfigurationPlatforms) = postSolution
		{764C7FD6-077B-421B-A082-AA481B2EA25F}.Debug|Any CPU.ActiveCfg = Debug|Any CPU
		{764C7FD6-077B-421B-A082-AA481B2EA25F}.Debug|Any CPU.Build.0 = Debug|Any CPU
		{764C7FD6-077B-421B-A082-AA481B2EA25F}.Release|Any CPU.ActiveCfg = Release|Any CPU
		{764C7FD6-077B-421B-A082-AA481B2EA25F}.Release|Any CPU.Build.0 = Release|Any CPU
		{76ACF8A6-9A53-48C8-B8E6-4FC75A3D31DD}.Debug|Any CPU.ActiveCfg = Debug|Any CPU
		{76ACF8A6-9A53-48C8-B8E6-4FC75A3D31DD}.Debug|Any CPU.Build.0 = Debug|Any CPU
		{76ACF8A6-9A53-48C8-B8E6-4FC75A3D31DD}.Release|Any CPU.ActiveCfg = Release|Any CPU
		{76ACF8A6-9A53-48C8-B8E6-4FC75A3D31DD}.Release|Any CPU.Build.0 = Release|Any CPU
		{13273D95-CD4F-4DE3-B53A-E37D5C210926}.Debug|Any CPU.ActiveCfg = Debug|Any CPU
		{13273D95-CD4F-4DE3-B53A-E37D5C210926}.Debug|Any CPU.Build.0 = Debug|Any CPU
		{13273D95-CD4F-4DE3-B53A-E37D5C210926}.Release|Any CPU.ActiveCfg = Release|Any CPU
		{13273D95-CD4F-4DE3-B53A-E37D5C210926}.Release|Any CPU.Build.0 = Release|Any CPU
		{31CB13B9-2710-46F9-ADEC-78A4FD56ECAE}.Debug|Any CPU.ActiveCfg = Debug|Any CPU
		{31CB13B9-2710-46F9-ADEC-78A4FD56ECAE}.Debug|Any CPU.Build.0 = Debug|Any CPU
		{31CB13B9-2710-46F9-ADEC-78A4FD56ECAE}.Release|Any CPU.ActiveCfg = Release|Any CPU
		{31CB13B9-2710-46F9-ADEC-78A4FD56ECAE}.Release|Any CPU.Build.0 = Release|Any CPU
		{7C03F4B2-DBE4-454E-AEFB-843DBE734B01}.Debug|Any CPU.ActiveCfg = Debug|Any CPU
		{7C03F4B2-DBE4-454E-AEFB-843DBE734B01}.Debug|Any CPU.Build.0 = Debug|Any CPU
		{7C03F4B2-DBE4-454E-AEFB-843DBE734B01}.Release|Any CPU.ActiveCfg = Release|Any CPU
		{7C03F4B2-DBE4-454E-AEFB-843DBE734B01}.Release|Any CPU.Build.0 = Release|Any CPU
	EndGlobalSection
	GlobalSection(NestedProjects) = preSolution
		{76ACF8A6-9A53-48C8-B8E6-4FC75A3D31DD} = {630FB9C9-2719-4A55-80DA-4B39A833A1E9}
		{13273D95-CD4F-4DE3-B53A-E37D5C210926} = {630FB9C9-2719-4A55-80DA-4B39A833A1E9}
		{31CB13B9-2710-46F9-ADEC-78A4FD56ECAE} = {630FB9C9-2719-4A55-80DA-4B39A833A1E9}
		{7C03F4B2-DBE4-454E-AEFB-843DBE734B01} = {630FB9C9-2719-4A55-80DA-4B39A833A1E9}
	EndGlobalSection
EndGlobal
