
Microsoft Visual Studio Solution File, Format Version 12.00
# Visual Studio Version 17
VisualStudioVersion = 17.0.31903.59
MinimumVisualStudioVersion = 10.0.40219.1
Project("{FAE04EC0-301F-11D3-BF4B-00C04F79EFBC}") = "JoeScan.Pinchot", "JoeScan.Pinchot\JoeScan.Pinchot.csproj", "{8BB2D14A-AF61-4E0B-B404-138C191755D8}"
EndProject
Project("{2150E333-8FDC-42A3-9474-1A3956D46DE8}") = "examples", "examples", "{4830E41E-2C89-45B0-82CC-CBA16D03C222}"
EndProject
Project("{FAE04EC0-301F-11D3-BF4B-00C04F79EFBC}") = "Example00ConfigureAndConnect", "examples\00_JS50WX_ConfigureAndConnect\Example00ConfigureAndConnect.csproj", "{6C344CC2-3F4C-4FFE-A3B2-EF6065449D31}"
EndProject
Project("{FAE04EC0-301F-11D3-BF4B-00C04F79EFBC}") = "Example01BasicScanning", "examples\01_JS50WX_BasicScanning\Example01BasicScanning.csproj", "{5FEB6502-E003-4461-A987-D50C34076FFD}"
EndProject
Project("{FAE04EC0-301F-11D3-BF4B-00C04F79EFBC}") = "Example02AdvancedScanning", "examples\02_JS50WX_AdvancedScanning\Example02AdvancedScanning.csproj", "{64B7AB7C-B1A6-4A59-9A64-155347407466}"
EndProject
Project("{FAE04EC0-301F-11D3-BF4B-00C04F79EFBC}") = "Example03AdvancedScanning", "examples\03_JS50X6B_AdvancedScanning\Example03AdvancedScanning.csproj", "{D1B6248F-DB96-4A64-8136-6294BB7820EC}"
EndProject
Global
	GlobalSection(SolutionConfigurationPlatforms) = preSolution
		Debug|Any CPU = Debug|Any CPU
		Release|Any CPU = Release|Any CPU
	EndGlobalSection
	GlobalSection(SolutionProperties) = preSolution
		HideSolutionNode = FALSE
	EndGlobalSection
	GlobalSection(ProjectConfigurationPlatforms) = postSolution
		{8BB2D14A-AF61-4E0B-B404-138C191755D8}.Debug|Any CPU.ActiveCfg = Debug|Any CPU
		{8BB2D14A-AF61-4E0B-B404-138C191755D8}.Debug|Any CPU.Build.0 = Debug|Any CPU
		{8BB2D14A-AF61-4E0B-B404-138C191755D8}.Release|Any CPU.ActiveCfg = Release|Any CPU
		{8BB2D14A-AF61-4E0B-B404-138C191755D8}.Release|Any CPU.Build.0 = Release|Any CPU
		{6C344CC2-3F4C-4FFE-A3B2-EF6065449D31}.Debug|Any CPU.ActiveCfg = Debug|Any CPU
		{6C344CC2-3F4C-4FFE-A3B2-EF6065449D31}.Debug|Any CPU.Build.0 = Debug|Any CPU
		{6C344CC2-3F4C-4FFE-A3B2-EF6065449D31}.Release|Any CPU.ActiveCfg = Release|Any CPU
		{6C344CC2-3F4C-4FFE-A3B2-EF6065449D31}.Release|Any CPU.Build.0 = Release|Any CPU
		{5FEB6502-E003-4461-A987-D50C34076FFD}.Debug|Any CPU.ActiveCfg = Debug|Any CPU
		{5FEB6502-E003-4461-A987-D50C34076FFD}.Debug|Any CPU.Build.0 = Debug|Any CPU
		{5FEB6502-E003-4461-A987-D50C34076FFD}.Release|Any CPU.ActiveCfg = Release|Any CPU
		{5FEB6502-E003-4461-A987-D50C34076FFD}.Release|Any CPU.Build.0 = Release|Any CPU
		{64B7AB7C-B1A6-4A59-9A64-155347407466}.Debug|Any CPU.ActiveCfg = Debug|Any CPU
		{64B7AB7C-B1A6-4A59-9A64-155347407466}.Debug|Any CPU.Build.0 = Debug|Any CPU
		{64B7AB7C-B1A6-4A59-9A64-155347407466}.Release|Any CPU.ActiveCfg = Release|Any CPU
		{64B7AB7C-B1A6-4A59-9A64-155347407466}.Release|Any CPU.Build.0 = Release|Any CPU
		{D1B6248F-DB96-4A64-8136-6294BB7820EC}.Debug|Any CPU.ActiveCfg = Debug|Any CPU
		{D1B6248F-DB96-4A64-8136-6294BB7820EC}.Debug|Any CPU.Build.0 = Debug|Any CPU
		{D1B6248F-DB96-4A64-8136-6294BB7820EC}.Release|Any CPU.ActiveCfg = Release|Any CPU
		{D1B6248F-DB96-4A64-8136-6294BB7820EC}.Release|Any CPU.Build.0 = Release|Any CPU
	EndGlobalSection
	GlobalSection(NestedProjects) = preSolution
		{6C344CC2-3F4C-4FFE-A3B2-EF6065449D31} = {4830E41E-2C89-45B0-82CC-CBA16D03C222}
		{5FEB6502-E003-4461-A987-D50C34076FFD} = {4830E41E-2C89-45B0-82CC-CBA16D03C222}
		{64B7AB7C-B1A6-4A59-9A64-155347407466} = {4830E41E-2C89-45B0-82CC-CBA16D03C222}
		{D1B6248F-DB96-4A64-8136-6294BB7820EC} = {4830E41E-2C89-45B0-82CC-CBA16D03C222}
	EndGlobalSection
EndGlobal
