
Microsoft Visual Studio Solution File, Format Version 12.00
# Visual Studio Version 17
VisualStudioVersion = 17.1.32228.430
MinimumVisualStudioVersion = 10.0.40219.1
Project("{9A19103F-16F7-4668-BE54-9A1E7A4F7556}") = "Example00_Discover", "Example00_Discover\Example00_Discover.csproj", "{3DBB49B8-49A1-4729-8B87-F7F8B9D819E2}"
EndProject
Project("{9A19103F-16F7-4668-BE54-9A1E7A4F7556}") = "Example01_ConfigureAndConnect", "Example01_ConfigureAndConnect\Example01_ConfigureAndConnect.csproj", "{178239ED-E6B3-4867-B4D2-819674F6C545}"
EndProject
Project("{9A19103F-16F7-4668-BE54-9A1E7A4F7556}") = "Example02_FrameScanning", "Example02_FrameScanning\Example02_FrameScanning.csproj", "{1B2E9C6D-5E1F-417F-BDEA-905BE3432280}"
EndProject
Project("{9A19103F-16F7-4668-BE54-9A1E7A4F7556}") = "Example03_LowLevelScanning", "Example03_LowLevelScanning\Example03_LowLevelScanning.csproj", "{CD937A50-3E02-45C5-8F2F-372A49512C05}"
EndProject
Global
	GlobalSection(SolutionConfigurationPlatforms) = preSolution
		Debug|Any CPU = Debug|Any CPU
		Release|Any CPU = Release|Any CPU
	EndGlobalSection
	GlobalSection(ProjectConfigurationPlatforms) = postSolution
		{3DBB49B8-49A1-4729-8B87-F7F8B9D819E2}.Debug|Any CPU.ActiveCfg = Debug|Any CPU
		{3DBB49B8-49A1-4729-8B87-F7F8B9D819E2}.Debug|Any CPU.Build.0 = Debug|Any CPU
		{3DBB49B8-49A1-4729-8B87-F7F8B9D819E2}.Release|Any CPU.ActiveCfg = Release|Any CPU
		{3DBB49B8-49A1-4729-8B87-F7F8B9D819E2}.Release|Any CPU.Build.0 = Release|Any CPU
		{178239ED-E6B3-4867-B4D2-819674F6C545}.Debug|Any CPU.ActiveCfg = Debug|Any CPU
		{178239ED-E6B3-4867-B4D2-819674F6C545}.Debug|Any CPU.Build.0 = Debug|Any CPU
		{178239ED-E6B3-4867-B4D2-819674F6C545}.Release|Any CPU.ActiveCfg = Release|Any CPU
		{178239ED-E6B3-4867-B4D2-819674F6C545}.Release|Any CPU.Build.0 = Release|Any CPU
		{1B2E9C6D-5E1F-417F-BDEA-905BE3432280}.Debug|Any CPU.ActiveCfg = Debug|Any CPU
		{1B2E9C6D-5E1F-417F-BDEA-905BE3432280}.Debug|Any CPU.Build.0 = Debug|Any CPU
		{1B2E9C6D-5E1F-417F-BDEA-905BE3432280}.Release|Any CPU.ActiveCfg = Release|Any CPU
		{1B2E9C6D-5E1F-417F-BDEA-905BE3432280}.Release|Any CPU.Build.0 = Release|Any CPU
		{CD937A50-3E02-45C5-8F2F-372A49512C05}.Debug|Any CPU.ActiveCfg = Debug|Any CPU
		{CD937A50-3E02-45C5-8F2F-372A49512C05}.Debug|Any CPU.Build.0 = Debug|Any CPU
		{CD937A50-3E02-45C5-8F2F-372A49512C05}.Release|Any CPU.ActiveCfg = Release|Any CPU
		{CD937A50-3E02-45C5-8F2F-372A49512C05}.Release|Any CPU.Build.0 = Release|Any CPU
	EndGlobalSection
	GlobalSection(SolutionProperties) = preSolution
		HideSolutionNode = FALSE
	EndGlobalSection
	GlobalSection(ExtensibilityGlobals) = postSolution
		SolutionGuid = {2D4A7EBF-CE3C-4AD5-A1A9-15894E3BB2F7}
	EndGlobalSection
EndGlobal
