
Microsoft Visual Studio Solution File, Format Version 12.00
# Visual Studio Version 17
VisualStudioVersion = 17.1.32228.430
MinimumVisualStudioVersion = 10.0.40219.1
Project("{9A19103F-16F7-4668-BE54-9A1E7A4F7556}") = "Example00ConfigureAndConnect", "00_JS50WX_ConfigureAndConnect\Example00ConfigureAndConnect.csproj", "{E76BCA9A-AF4B-4DBB-82EA-908670EB5AA5}"
EndProject
Project("{9A19103F-16F7-4668-BE54-9A1E7A4F7556}") = "Example01BasicScanning", "01_JS50WX_BasicScanning\Example01BasicScanning.csproj", "{E7082A67-1077-4C60-8418-756FB6EFDFFB}"
EndProject
Project("{9A19103F-16F7-4668-BE54-9A1E7A4F7556}") = "Example02AdvancedScanning", "02_JS50WX_AdvancedScanning\Example02AdvancedScanning.csproj", "{2755F7A3-6A3D-4492-89F5-348625D2DD4F}"
EndProject
Project("{9A19103F-16F7-4668-BE54-9A1E7A4F7556}") = "Example03AdvancedScanning", "03_JS50X6B_AdvancedScanning\Example03AdvancedScanning.csproj", "{DC66FC34-F608-439D-A18C-7B8D5D73580E}"
EndProject
Global
	GlobalSection(SolutionConfigurationPlatforms) = preSolution
		Debug|Any CPU = Debug|Any CPU
		Release|Any CPU = Release|Any CPU
	EndGlobalSection
	GlobalSection(ProjectConfigurationPlatforms) = postSolution
		{E76BCA9A-AF4B-4DBB-82EA-908670EB5AA5}.Debug|Any CPU.ActiveCfg = Debug|Any CPU
		{E76BCA9A-AF4B-4DBB-82EA-908670EB5AA5}.Debug|Any CPU.Build.0 = Debug|Any CPU
		{E76BCA9A-AF4B-4DBB-82EA-908670EB5AA5}.Release|Any CPU.ActiveCfg = Release|Any CPU
		{E76BCA9A-AF4B-4DBB-82EA-908670EB5AA5}.Release|Any CPU.Build.0 = Release|Any CPU
		{E7082A67-1077-4C60-8418-756FB6EFDFFB}.Debug|Any CPU.ActiveCfg = Debug|Any CPU
		{E7082A67-1077-4C60-8418-756FB6EFDFFB}.Debug|Any CPU.Build.0 = Debug|Any CPU
		{E7082A67-1077-4C60-8418-756FB6EFDFFB}.Release|Any CPU.ActiveCfg = Release|Any CPU
		{E7082A67-1077-4C60-8418-756FB6EFDFFB}.Release|Any CPU.Build.0 = Release|Any CPU
		{2755F7A3-6A3D-4492-89F5-348625D2DD4F}.Debug|Any CPU.ActiveCfg = Debug|Any CPU
		{2755F7A3-6A3D-4492-89F5-348625D2DD4F}.Debug|Any CPU.Build.0 = Debug|Any CPU
		{2755F7A3-6A3D-4492-89F5-348625D2DD4F}.Release|Any CPU.ActiveCfg = Release|Any CPU
		{2755F7A3-6A3D-4492-89F5-348625D2DD4F}.Release|Any CPU.Build.0 = Release|Any CPU
		{DC66FC34-F608-439D-A18C-7B8D5D73580E}.Debug|Any CPU.ActiveCfg = Debug|Any CPU
		{DC66FC34-F608-439D-A18C-7B8D5D73580E}.Debug|Any CPU.Build.0 = Debug|Any CPU
		{DC66FC34-F608-439D-A18C-7B8D5D73580E}.Release|Any CPU.ActiveCfg = Release|Any CPU
		{DC66FC34-F608-439D-A18C-7B8D5D73580E}.Release|Any CPU.Build.0 = Release|Any CPU
	EndGlobalSection
	GlobalSection(SolutionProperties) = preSolution
		HideSolutionNode = FALSE
	EndGlobalSection
	GlobalSection(ExtensibilityGlobals) = postSolution
		SolutionGuid = {2D4A7EBF-CE3C-4AD5-A1A9-15894E3BB2F7}
	EndGlobalSection
EndGlobal
